// !$*UTF8*$!
{
	archiveVersion = 1;
	classes = {
	};
	objectVersion = 51;
	objects = {

/* Begin PBXBuildFile section */
		09F18E5FC13ECC4BCCC0CCC2 /* FavoritePhotosViewModel.swift in Sources */ = {isa = PBXBuildFile; fileRef = 9F7EF3E71518DAD592491761 /* FavoritePhotosViewModel.swift */; };
		0EA08C0F200194EF0271822D /* LaunchScreen.storyboard in Resources */ = {isa = PBXBuildFile; fileRef = C40D2DE8C409E784510074FC /* LaunchScreen.storyboard */; };
		204CF31380F3DFA5915DC4C9 /* CustomCollectionViewLayout.swift in Sources */ = {isa = PBXBuildFile; fileRef = 2EDD022AAD924109D3A6B209 /* CustomCollectionViewLayout.swift */; };
		32BB00EAEC1A94B6650A986D /* CoordinatorProtocol.swift in Sources */ = {isa = PBXBuildFile; fileRef = B355A6AE3E66EFB70BE47A26 /* CoordinatorProtocol.swift */; };
		4A754E358438512287710EB5 /* PhotoCollectionViewController.swift in Sources */ = {isa = PBXBuildFile; fileRef = B988C2438C67429C2FFC97C7 /* PhotoCollectionViewController.swift */; };
		4BC7863154ECC66DC651AF6B /* PhotoCollectionCoordinator.swift in Sources */ = {isa = PBXBuildFile; fileRef = ED7E7D246E512C82577E8D4C /* PhotoCollectionCoordinator.swift */; };
		5F04952F9F040292A5AECED4 /* AppDelegate.swift in Sources */ = {isa = PBXBuildFile; fileRef = 4CBFAB91D05DE9E0A68281B5 /* AppDelegate.swift */; };
		70A7E6574BD69E5F650A4891 /* PhotoCollectionViewCell.swift in Sources */ = {isa = PBXBuildFile; fileRef = E59B2BC30C745D3B2F6687B1 /* PhotoCollectionViewCell.swift */; };
		999D32CB6C4CE0CEC40FFE00 /* NetworkService.swift in Sources */ = {isa = PBXBuildFile; fileRef = ED94FB97F0BBB5B9F9E0A9C4 /* NetworkService.swift */; };
		A2409E1DB9FA00F76E372575 /* FavoritePhotosCoordinator.swift in Sources */ = {isa = PBXBuildFile; fileRef = 95092E115BCD30CE745ACCB5 /* FavoritePhotosCoordinator.swift */; };
		A2EF3924842B78EE745B1843 /* PhotoCollectionViewModel.swift in Sources */ = {isa = PBXBuildFile; fileRef = D78FD65F38C5F114817D10F0 /* PhotoCollectionViewModel.swift */; };
		B2A82AB228C3C9B5005FC10E /* Photo.swift in Sources */ = {isa = PBXBuildFile; fileRef = B2A82AB128C3C9B5005FC10E /* Photo.swift */; };
		B2A82AB428C45A80005FC10E /* FavoritePhotoTableViewCell.swift in Sources */ = {isa = PBXBuildFile; fileRef = B2A82AB328C45A80005FC10E /* FavoritePhotoTableViewCell.swift */; };
		B2A82AB628C47B66005FC10E /* PhotoCollectionCellViewModel.swift in Sources */ = {isa = PBXBuildFile; fileRef = B2A82AB528C47B66005FC10E /* PhotoCollectionCellViewModel.swift */; };
		B2A82AB928C49085005FC10E /* Collection+SafeIndex.swift in Sources */ = {isa = PBXBuildFile; fileRef = B2A82AB828C49085005FC10E /* Collection+SafeIndex.swift */; };
		B2A82AC028C493CC005FC10E /* PhotoDetailCoordinator.swift in Sources */ = {isa = PBXBuildFile; fileRef = B2A82ABD28C493CC005FC10E /* PhotoDetailCoordinator.swift */; };
		B2A82AC128C493CC005FC10E /* PhotoDetailViewController.swift in Sources */ = {isa = PBXBuildFile; fileRef = B2A82ABE28C493CC005FC10E /* PhotoDetailViewController.swift */; };
		B2A82AC228C493CC005FC10E /* PhotoDetailViewModel.swift in Sources */ = {isa = PBXBuildFile; fileRef = B2A82ABF28C493CC005FC10E /* PhotoDetailViewModel.swift */; };
		BED19E21F6FA6CD402657CE8 /* MainCoordinator.swift in Sources */ = {isa = PBXBuildFile; fileRef = ACDCF88FC683EAB62E9088AC /* MainCoordinator.swift */; };
		CA9A832221D9A71FFDB35498 /* Assets.xcassets in Resources */ = {isa = PBXBuildFile; fileRef = 8915E5CB804A022D9A3B35E7 /* Assets.xcassets */; };
		D391E30C6A464A6BCA44D008 /* FavoritePhotosViewController.swift in Sources */ = {isa = PBXBuildFile; fileRef = E8D40AA6C4CCF3F530451FE1 /* FavoritePhotosViewController.swift */; };
		D63A5B7289B7296C38160C29 /* AppDependency.swift in Sources */ = {isa = PBXBuildFile; fileRef = 7A6CED4404E2195A69F562F1 /* AppDependency.swift */; };
		FE3D33B5C60E07B17A75D356 /* SceneDelegate.swift in Sources */ = {isa = PBXBuildFile; fileRef = A906E95603219FE4F6E6992B /* SceneDelegate.swift */; };
		FF7269CB6F02823DB0709B71 /* Pods_Unsplash.framework in Frameworks */ = {isa = PBXBuildFile; fileRef = 2341A5D6A23BD218B3715E80 /* Pods_Unsplash.framework */; };
/* End PBXBuildFile section */

/* Begin PBXFileReference section */
		2341A5D6A23BD218B3715E80 /* Pods_Unsplash.framework */ = {isa = PBXFileReference; explicitFileType = wrapper.framework; includeInIndex = 0; path = Pods_Unsplash.framework; sourceTree = BUILT_PRODUCTS_DIR; };
		2EDD022AAD924109D3A6B209 /* CustomCollectionViewLayout.swift */ = {isa = PBXFileReference; lastKnownFileType = sourcecode.swift; path = CustomCollectionViewLayout.swift; sourceTree = "<group>"; };
		3E23A6AA83F507E4C97D057F /* Pods-Unsplash.production.xcconfig */ = {isa = PBXFileReference; includeInIndex = 1; lastKnownFileType = text.xcconfig; name = "Pods-Unsplash.production.xcconfig"; path = "Target Support Files/Pods-Unsplash/Pods-Unsplash.production.xcconfig"; sourceTree = "<group>"; };
		4814E631C714A3DCC6200FB3 /* Base */ = {isa = PBXFileReference; lastKnownFileType = file.storyboard; name = Base; path = Base.lproj/LaunchScreen.storyboard; sourceTree = "<group>"; };
		4B525DBA7D8E84E79A0706CD /* Pods-Unsplash.develop.xcconfig */ = {isa = PBXFileReference; includeInIndex = 1; lastKnownFileType = text.xcconfig; name = "Pods-Unsplash.develop.xcconfig"; path = "Target Support Files/Pods-Unsplash/Pods-Unsplash.develop.xcconfig"; sourceTree = "<group>"; };
		4CBFAB91D05DE9E0A68281B5 /* AppDelegate.swift */ = {isa = PBXFileReference; lastKnownFileType = sourcecode.swift; path = AppDelegate.swift; sourceTree = "<group>"; };
		7A6CED4404E2195A69F562F1 /* AppDependency.swift */ = {isa = PBXFileReference; lastKnownFileType = sourcecode.swift; path = AppDependency.swift; sourceTree = "<group>"; };
		87D510BCF4F405696D1DBA5C /* Unsplash.app */ = {isa = PBXFileReference; includeInIndex = 0; lastKnownFileType = wrapper.application; path = Unsplash.app; sourceTree = BUILT_PRODUCTS_DIR; };
		8915E5CB804A022D9A3B35E7 /* Assets.xcassets */ = {isa = PBXFileReference; lastKnownFileType = folder.assetcatalog; path = Assets.xcassets; sourceTree = "<group>"; };
		95092E115BCD30CE745ACCB5 /* FavoritePhotosCoordinator.swift */ = {isa = PBXFileReference; lastKnownFileType = sourcecode.swift; path = FavoritePhotosCoordinator.swift; sourceTree = "<group>"; };
		9F7EF3E71518DAD592491761 /* FavoritePhotosViewModel.swift */ = {isa = PBXFileReference; lastKnownFileType = sourcecode.swift; path = FavoritePhotosViewModel.swift; sourceTree = "<group>"; };
		A906E95603219FE4F6E6992B /* SceneDelegate.swift */ = {isa = PBXFileReference; lastKnownFileType = sourcecode.swift; path = SceneDelegate.swift; sourceTree = "<group>"; };
		ACDCF88FC683EAB62E9088AC /* MainCoordinator.swift */ = {isa = PBXFileReference; lastKnownFileType = sourcecode.swift; path = MainCoordinator.swift; sourceTree = "<group>"; };
		B2A82AB128C3C9B5005FC10E /* Photo.swift */ = {isa = PBXFileReference; lastKnownFileType = sourcecode.swift; path = Photo.swift; sourceTree = "<group>"; };
		B2A82AB328C45A80005FC10E /* FavoritePhotoTableViewCell.swift */ = {isa = PBXFileReference; lastKnownFileType = sourcecode.swift; path = FavoritePhotoTableViewCell.swift; sourceTree = "<group>"; };
		B2A82AB528C47B66005FC10E /* PhotoCollectionCellViewModel.swift */ = {isa = PBXFileReference; lastKnownFileType = sourcecode.swift; path = PhotoCollectionCellViewModel.swift; sourceTree = "<group>"; };
		B2A82AB828C49085005FC10E /* Collection+SafeIndex.swift */ = {isa = PBXFileReference; lastKnownFileType = sourcecode.swift; path = "Collection+SafeIndex.swift"; sourceTree = "<group>"; };
		B2A82ABD28C493CC005FC10E /* PhotoDetailCoordinator.swift */ = {isa = PBXFileReference; lastKnownFileType = sourcecode.swift; path = PhotoDetailCoordinator.swift; sourceTree = "<group>"; };
		B2A82ABE28C493CC005FC10E /* PhotoDetailViewController.swift */ = {isa = PBXFileReference; lastKnownFileType = sourcecode.swift; path = PhotoDetailViewController.swift; sourceTree = "<group>"; };
		B2A82ABF28C493CC005FC10E /* PhotoDetailViewModel.swift */ = {isa = PBXFileReference; lastKnownFileType = sourcecode.swift; path = PhotoDetailViewModel.swift; sourceTree = "<group>"; };
		B355A6AE3E66EFB70BE47A26 /* CoordinatorProtocol.swift */ = {isa = PBXFileReference; lastKnownFileType = sourcecode.swift; path = CoordinatorProtocol.swift; sourceTree = "<group>"; };
		B988C2438C67429C2FFC97C7 /* PhotoCollectionViewController.swift */ = {isa = PBXFileReference; lastKnownFileType = sourcecode.swift; path = PhotoCollectionViewController.swift; sourceTree = "<group>"; };
		D78FD65F38C5F114817D10F0 /* PhotoCollectionViewModel.swift */ = {isa = PBXFileReference; lastKnownFileType = sourcecode.swift; path = PhotoCollectionViewModel.swift; sourceTree = "<group>"; };
		E59B2BC30C745D3B2F6687B1 /* PhotoCollectionViewCell.swift */ = {isa = PBXFileReference; lastKnownFileType = sourcecode.swift; path = PhotoCollectionViewCell.swift; sourceTree = "<group>"; };
		E8D40AA6C4CCF3F530451FE1 /* FavoritePhotosViewController.swift */ = {isa = PBXFileReference; lastKnownFileType = sourcecode.swift; path = FavoritePhotosViewController.swift; sourceTree = "<group>"; };
		ED7E7D246E512C82577E8D4C /* PhotoCollectionCoordinator.swift */ = {isa = PBXFileReference; lastKnownFileType = sourcecode.swift; path = PhotoCollectionCoordinator.swift; sourceTree = "<group>"; };
		ED94FB97F0BBB5B9F9E0A9C4 /* NetworkService.swift */ = {isa = PBXFileReference; lastKnownFileType = sourcecode.swift; path = NetworkService.swift; sourceTree = "<group>"; };
/* End PBXFileReference section */

/* Begin PBXFrameworksBuildPhase section */
		36531A0EE028B87D3ABA2DD0 /* Frameworks */ = {
			isa = PBXFrameworksBuildPhase;
			buildActionMask = 2147483647;
			files = (
				FF7269CB6F02823DB0709B71 /* Pods_Unsplash.framework in Frameworks */,
			);
			runOnlyForDeploymentPostprocessing = 0;
		};
/* End PBXFrameworksBuildPhase section */

/* Begin PBXGroup section */
		095882DC909541A97D7F35DD = {
			isa = PBXGroup;
			children = (
				79E64E5F7E922035C81509AC /* Unsplash */,
				CAA13FC1D72A5763A9585E57 /* Products */,
				6EE2D031B75829A351D68527 /* Pods */,
				973DE00ADBC79D60576A0447 /* Frameworks */,
			);
			indentWidth = 2;
			sourceTree = "<group>";
			tabWidth = 2;
			usesTabs = 0;
		};
		482EA687DB2C7309E32EF08D /* Modules */ = {
			isa = PBXGroup;
			children = (
				ACDCF88FC683EAB62E9088AC /* MainCoordinator.swift */,
				B2A82ABC28C493AA005FC10E /* PhotoDetail */,
				89DD2205FB44B1302728B739 /* FavoritePhotos */,
				F56DBE468D27F56DE8573C2F /* PhotoCollection */,
			);
			path = Modules;
			sourceTree = "<group>";
		};
		6EE2D031B75829A351D68527 /* Pods */ = {
			isa = PBXGroup;
			children = (
				4B525DBA7D8E84E79A0706CD /* Pods-Unsplash.develop.xcconfig */,
				3E23A6AA83F507E4C97D057F /* Pods-Unsplash.production.xcconfig */,
			);
			path = Pods;
			sourceTree = "<group>";
		};
		79E64E5F7E922035C81509AC /* Unsplash */ = {
			isa = PBXGroup;
			children = (
				B2A82AB728C49070005FC10E /* Extension */,
				B2A82AB028C3C9AD005FC10E /* Model */,
				CB5E4E0A942525633D880322 /* Application */,
				CAF1808B1587EDCE1B036E37 /* Protocols */,
				482EA687DB2C7309E32EF08D /* Modules */,
				E359E21FBB947DEE60321A5F /* Services */,
				C40D2DE8C409E784510074FC /* LaunchScreen.storyboard */,
				8915E5CB804A022D9A3B35E7 /* Assets.xcassets */,
			);
			path = Unsplash;
			sourceTree = "<group>";
		};
		89DD2205FB44B1302728B739 /* FavoritePhotos */ = {
			isa = PBXGroup;
			children = (
				95092E115BCD30CE745ACCB5 /* FavoritePhotosCoordinator.swift */,
				E8D40AA6C4CCF3F530451FE1 /* FavoritePhotosViewController.swift */,
				9F7EF3E71518DAD592491761 /* FavoritePhotosViewModel.swift */,
				B2A82AB328C45A80005FC10E /* FavoritePhotoTableViewCell.swift */,
			);
			path = FavoritePhotos;
			sourceTree = "<group>";
		};
		973DE00ADBC79D60576A0447 /* Frameworks */ = {
			isa = PBXGroup;
			children = (
				2341A5D6A23BD218B3715E80 /* Pods_Unsplash.framework */,
			);
			name = Frameworks;
			sourceTree = "<group>";
		};
		B2A82AB028C3C9AD005FC10E /* Model */ = {
			isa = PBXGroup;
			children = (
				B2A82AB128C3C9B5005FC10E /* Photo.swift */,
			);
			path = Model;
			sourceTree = "<group>";
		};
		B2A82AB728C49070005FC10E /* Extension */ = {
			isa = PBXGroup;
			children = (
				B2A82AB828C49085005FC10E /* Collection+SafeIndex.swift */,
			);
			path = Extension;
			sourceTree = "<group>";
		};
		B2A82ABA28C4934A005FC10E /* PhotoCollectionViewCell */ = {
			isa = PBXGroup;
			children = (
				E59B2BC30C745D3B2F6687B1 /* PhotoCollectionViewCell.swift */,
				D78FD65F38C5F114817D10F0 /* PhotoCollectionViewModel.swift */,
			);
			path = PhotoCollectionViewCell;
			sourceTree = "<group>";
		};
		B2A82ABB28C49356005FC10E /* CustomCollectionViewLayout */ = {
			isa = PBXGroup;
			children = (
				2EDD022AAD924109D3A6B209 /* CustomCollectionViewLayout.swift */,
			);
			path = CustomCollectionViewLayout;
			sourceTree = "<group>";
		};
		B2A82ABC28C493AA005FC10E /* PhotoDetail */ = {
			isa = PBXGroup;
			children = (
				B2A82ABD28C493CC005FC10E /* PhotoDetailCoordinator.swift */,
				B2A82ABE28C493CC005FC10E /* PhotoDetailViewController.swift */,
				B2A82ABF28C493CC005FC10E /* PhotoDetailViewModel.swift */,
			);
			path = PhotoDetail;
			sourceTree = "<group>";
		};
		CAA13FC1D72A5763A9585E57 /* Products */ = {
			isa = PBXGroup;
			children = (
				87D510BCF4F405696D1DBA5C /* Unsplash.app */,
			);
			name = Products;
			sourceTree = "<group>";
		};
		CAF1808B1587EDCE1B036E37 /* Protocols */ = {
			isa = PBXGroup;
			children = (
				B355A6AE3E66EFB70BE47A26 /* CoordinatorProtocol.swift */,
			);
			path = Protocols;
			sourceTree = "<group>";
		};
		CB5E4E0A942525633D880322 /* Application */ = {
			isa = PBXGroup;
			children = (
				4CBFAB91D05DE9E0A68281B5 /* AppDelegate.swift */,
				A906E95603219FE4F6E6992B /* SceneDelegate.swift */,
			);
			path = Application;
			sourceTree = "<group>";
		};
		E359E21FBB947DEE60321A5F /* Services */ = {
			isa = PBXGroup;
			children = (
				7A6CED4404E2195A69F562F1 /* AppDependency.swift */,
				ED94FB97F0BBB5B9F9E0A9C4 /* NetworkService.swift */,
			);
			path = Services;
			sourceTree = "<group>";
		};
		F56DBE468D27F56DE8573C2F /* PhotoCollection */ = {
			isa = PBXGroup;
			children = (
				B2A82ABA28C4934A005FC10E /* PhotoCollectionViewCell */,
				B2A82ABB28C49356005FC10E /* CustomCollectionViewLayout */,
				ED7E7D246E512C82577E8D4C /* PhotoCollectionCoordinator.swift */,
				B2A82AB528C47B66005FC10E /* PhotoCollectionCellViewModel.swift */,
				B988C2438C67429C2FFC97C7 /* PhotoCollectionViewController.swift */,
			);
			path = PhotoCollection;
			sourceTree = "<group>";
		};
/* End PBXGroup section */

/* Begin PBXNativeTarget section */
		D58C48BEC2CBF4609C54F1B5 /* Unsplash */ = {
			isa = PBXNativeTarget;
			buildConfigurationList = 935D50D816E8C3236394BF1E /* Build configuration list for PBXNativeTarget "Unsplash" */;
			buildPhases = (
				13636371CBA2311759817918 /* [CP] Check Pods Manifest.lock */,
				2F8E3E53089209435AD8B977 /* Sources */,
				29FF1CBBE1BFF1748FB4523C /* Resources */,
				388BEC1308222626C150C7B0 /* Run SwiftLint */,
				970113DC23A607A91F8B89DC /* Run Script */,
				36531A0EE028B87D3ABA2DD0 /* Frameworks */,
				5A8735B3C17751A12A40643D /* [CP] Embed Pods Frameworks */,
			);
			buildRules = (
			);
			dependencies = (
			);
			name = Unsplash;
			productName = Unsplash;
			productReference = 87D510BCF4F405696D1DBA5C /* Unsplash.app */;
			productType = "com.apple.product-type.application";
		};
/* End PBXNativeTarget section */

/* Begin PBXProject section */
		7D47958A2EA1B3C11654F3BF /* Project object */ = {
			isa = PBXProject;
			attributes = {
				LastUpgradeCheck = 1200;
				TargetAttributes = {
					D58C48BEC2CBF4609C54F1B5 = {
						ProvisioningStyle = Automatic;
					};
				};
			};
			buildConfigurationList = 8CB2C3653C4F27E405603FD9 /* Build configuration list for PBXProject "Unsplash" */;
			compatibilityVersion = "Xcode 10.0";
			developmentRegion = ru;
			hasScannedForEncodings = 0;
			knownRegions = (
				Base,
				ru,
			);
			mainGroup = 095882DC909541A97D7F35DD;
			productRefGroup = CAA13FC1D72A5763A9585E57 /* Products */;
			projectDirPath = "";
			projectRoot = "";
			targets = (
				D58C48BEC2CBF4609C54F1B5 /* Unsplash */,
			);
		};
/* End PBXProject section */

/* Begin PBXResourcesBuildPhase section */
		29FF1CBBE1BFF1748FB4523C /* Resources */ = {
			isa = PBXResourcesBuildPhase;
			buildActionMask = 2147483647;
			files = (
				CA9A832221D9A71FFDB35498 /* Assets.xcassets in Resources */,
				0EA08C0F200194EF0271822D /* LaunchScreen.storyboard in Resources */,
			);
			runOnlyForDeploymentPostprocessing = 0;
		};
/* End PBXResourcesBuildPhase section */

/* Begin PBXShellScriptBuildPhase section */
		13636371CBA2311759817918 /* [CP] Check Pods Manifest.lock */ = {
			isa = PBXShellScriptBuildPhase;
			buildActionMask = 2147483647;
			files = (
			);
			inputFileListPaths = (
			);
			inputPaths = (
				"${PODS_PODFILE_DIR_PATH}/Podfile.lock",
				"${PODS_ROOT}/Manifest.lock",
			);
			name = "[CP] Check Pods Manifest.lock";
			outputFileListPaths = (
			);
			outputPaths = (
				"$(DERIVED_FILE_DIR)/Pods-Unsplash-checkManifestLockResult.txt",
			);
			runOnlyForDeploymentPostprocessing = 0;
			shellPath = /bin/sh;
			shellScript = "diff \"${PODS_PODFILE_DIR_PATH}/Podfile.lock\" \"${PODS_ROOT}/Manifest.lock\" > /dev/null\nif [ $? != 0 ] ; then\n    # print error to STDERR\n    echo \"error: The sandbox is not in sync with the Podfile.lock. Run 'pod install' or update your CocoaPods installation.\" >&2\n    exit 1\nfi\n# This output is used by Xcode 'outputs' to avoid re-running this script phase.\necho \"SUCCESS\" > \"${SCRIPT_OUTPUT_FILE_0}\"\n";
			showEnvVarsInLog = 0;
		};
		388BEC1308222626C150C7B0 /* Run SwiftLint */ = {
			isa = PBXShellScriptBuildPhase;
			buildActionMask = 2147483647;
			files = (
			);
			inputFileListPaths = (
			);
			inputPaths = (
			);
			name = "Run SwiftLint";
			outputFileListPaths = (
			);
			outputPaths = (
			);
			runOnlyForDeploymentPostprocessing = 0;
			shellPath = /bin/sh;
			shellScript = "export PATH=\"$PATH:/opt/homebrew/bin\"\nif which swiftlint > /dev/null; then\n  swiftlint\nelse\n  echo \"warning: SwiftLint not installed, download from https://github.com/realm/SwiftLint\"\nfi\n";
		};
		5A8735B3C17751A12A40643D /* [CP] Embed Pods Frameworks */ = {
			isa = PBXShellScriptBuildPhase;
			buildActionMask = 2147483647;
			files = (
			);
			inputFileListPaths = (
				"${PODS_ROOT}/Target Support Files/Pods-Unsplash/Pods-Unsplash-frameworks-${CONFIGURATION}-input-files.xcfilelist",
			);
			name = "[CP] Embed Pods Frameworks";
			outputFileListPaths = (
				"${PODS_ROOT}/Target Support Files/Pods-Unsplash/Pods-Unsplash-frameworks-${CONFIGURATION}-output-files.xcfilelist",
			);
			runOnlyForDeploymentPostprocessing = 0;
			shellPath = /bin/sh;
			shellScript = "\"${PODS_ROOT}/Target Support Files/Pods-Unsplash/Pods-Unsplash-frameworks.sh\"\n";
			showEnvVarsInLog = 0;
		};
		970113DC23A607A91F8B89DC /* Run Script */ = {
			isa = PBXShellScriptBuildPhase;
			buildActionMask = 2147483647;
			files = (
			);
			inputFileListPaths = (
			);
			inputPaths = (
			);
			name = "Run Script";
			outputFileListPaths = (
			);
			outputPaths = (
			);
			runOnlyForDeploymentPostprocessing = 0;
			shellPath = /bin/sh;
			shellScript = "";
		};
/* End PBXShellScriptBuildPhase section */

/* Begin PBXSourcesBuildPhase section */
		2F8E3E53089209435AD8B977 /* Sources */ = {
			isa = PBXSourcesBuildPhase;
			buildActionMask = 2147483647;
			files = (
				5F04952F9F040292A5AECED4 /* AppDelegate.swift in Sources */,
				D63A5B7289B7296C38160C29 /* AppDependency.swift in Sources */,
				32BB00EAEC1A94B6650A986D /* CoordinatorProtocol.swift in Sources */,
				204CF31380F3DFA5915DC4C9 /* CustomCollectionViewLayout.swift in Sources */,
				A2409E1DB9FA00F76E372575 /* FavoritePhotosCoordinator.swift in Sources */,
				D391E30C6A464A6BCA44D008 /* FavoritePhotosViewController.swift in Sources */,
				B2A82AB628C47B66005FC10E /* PhotoCollectionCellViewModel.swift in Sources */,
				B2A82AB928C49085005FC10E /* Collection+SafeIndex.swift in Sources */,
				09F18E5FC13ECC4BCCC0CCC2 /* FavoritePhotosViewModel.swift in Sources */,
				B2A82AB428C45A80005FC10E /* FavoritePhotoTableViewCell.swift in Sources */,
				BED19E21F6FA6CD402657CE8 /* MainCoordinator.swift in Sources */,
				B2A82AC028C493CC005FC10E /* PhotoDetailCoordinator.swift in Sources */,
				999D32CB6C4CE0CEC40FFE00 /* NetworkService.swift in Sources */,
				B2A82AB228C3C9B5005FC10E /* Photo.swift in Sources */,
				4BC7863154ECC66DC651AF6B /* PhotoCollectionCoordinator.swift in Sources */,
				70A7E6574BD69E5F650A4891 /* PhotoCollectionViewCell.swift in Sources */,
				4A754E358438512287710EB5 /* PhotoCollectionViewController.swift in Sources */,
				A2EF3924842B78EE745B1843 /* PhotoCollectionViewModel.swift in Sources */,
				B2A82AC228C493CC005FC10E /* PhotoDetailViewModel.swift in Sources */,
				B2A82AC128C493CC005FC10E /* PhotoDetailViewController.swift in Sources */,
				FE3D33B5C60E07B17A75D356 /* SceneDelegate.swift in Sources */,
			);
			runOnlyForDeploymentPostprocessing = 0;
		};
/* End PBXSourcesBuildPhase section */

/* Begin PBXVariantGroup section */
		C40D2DE8C409E784510074FC /* LaunchScreen.storyboard */ = {
			isa = PBXVariantGroup;
			children = (
				4814E631C714A3DCC6200FB3 /* Base */,
			);
			name = LaunchScreen.storyboard;
			sourceTree = "<group>";
		};
/* End PBXVariantGroup section */

/* Begin XCBuildConfiguration section */
		2226F90FA40A95EB7AE4B480 /* Develop */ = {
			isa = XCBuildConfiguration;
			baseConfigurationReference = 4B525DBA7D8E84E79A0706CD /* Pods-Unsplash.develop.xcconfig */;
			buildSettings = {
				ASSETCATALOG_COMPILER_APPICON_NAME = AppIcon;
				CODE_SIGN_IDENTITY = "iPhone Developer";
				CODE_SIGN_STYLE = Automatic;
				INFOPLIST_FILE = "Supporting Files/Info.plist";
				IPHONEOS_DEPLOYMENT_TARGET = 14.0;
				LD_RUNPATH_SEARCH_PATHS = (
					"$(inherited)",
					"@executable_path/Frameworks",
				);
				PRODUCT_BUNDLE_IDENTIFIER = ru.unsplash;
				SDKROOT = iphoneos;
				TARGETED_DEVICE_FAMILY = "1,2";
			};
			name = Develop;
		};
		6F24E9E22C1BC25C9CAE583D /* Production */ = {
			isa = XCBuildConfiguration;
			buildSettings = {
				ALWAYS_SEARCH_USER_PATHS = NO;
				CLANG_ANALYZER_NONNULL = YES;
				CLANG_ANALYZER_NUMBER_OBJECT_CONVERSION = YES_AGGRESSIVE;
				CLANG_CXX_LANGUAGE_STANDARD = "gnu++14";
				CLANG_CXX_LIBRARY = "libc++";
				CLANG_ENABLE_MODULES = YES;
				CLANG_ENABLE_OBJC_ARC = YES;
				CLANG_ENABLE_OBJC_WEAK = YES;
				CLANG_WARN_BLOCK_CAPTURE_AUTORELEASING = YES;
				CLANG_WARN_BOOL_CONVERSION = YES;
				CLANG_WARN_COMMA = YES;
				CLANG_WARN_CONSTANT_CONVERSION = YES;
				CLANG_WARN_DEPRECATED_OBJC_IMPLEMENTATIONS = YES;
				CLANG_WARN_DIRECT_OBJC_ISA_USAGE = YES_ERROR;
				CLANG_WARN_DOCUMENTATION_COMMENTS = YES;
				CLANG_WARN_EMPTY_BODY = YES;
				CLANG_WARN_ENUM_CONVERSION = YES;
				CLANG_WARN_INFINITE_RECURSION = YES;
				CLANG_WARN_INT_CONVERSION = YES;
				CLANG_WARN_NON_LITERAL_NULL_CONVERSION = YES;
				CLANG_WARN_OBJC_IMPLICIT_RETAIN_SELF = YES;
				CLANG_WARN_OBJC_LITERAL_CONVERSION = YES;
				CLANG_WARN_OBJC_ROOT_CLASS = YES_ERROR;
				CLANG_WARN_QUOTED_INCLUDE_IN_FRAMEWORK_HEADER = YES;
				CLANG_WARN_RANGE_LOOP_ANALYSIS = YES;
				CLANG_WARN_STRICT_PROTOTYPES = YES;
				CLANG_WARN_SUSPICIOUS_MOVE = YES;
				CLANG_WARN_UNGUARDED_AVAILABILITY = YES_AGGRESSIVE;
				CLANG_WARN_UNREACHABLE_CODE = YES;
				CLANG_WARN__DUPLICATE_METHOD_MATCH = YES;
				COPY_PHASE_STRIP = NO;
				DEBUG_INFORMATION_FORMAT = "dwarf-with-dsym";
				ENABLE_NS_ASSERTIONS = NO;
				ENABLE_STRICT_OBJC_MSGSEND = YES;
				GCC_C_LANGUAGE_STANDARD = gnu11;
				GCC_NO_COMMON_BLOCKS = YES;
				GCC_WARN_64_TO_32_BIT_CONVERSION = YES;
				GCC_WARN_ABOUT_RETURN_TYPE = YES_ERROR;
				GCC_WARN_UNDECLARED_SELECTOR = YES;
				GCC_WARN_UNINITIALIZED_AUTOS = YES_AGGRESSIVE;
				GCC_WARN_UNUSED_FUNCTION = YES;
				GCC_WARN_UNUSED_VARIABLE = YES;
				IPHONEOS_DEPLOYMENT_TARGET = 14.0;
				MTL_ENABLE_DEBUG_INFO = NO;
				MTL_FAST_MATH = YES;
				PRODUCT_NAME = "$(TARGET_NAME)";
				SDKROOT = iphoneos;
				SWIFT_COMPILATION_MODE = wholemodule;
				SWIFT_OPTIMIZATION_LEVEL = "-O";
				SWIFT_VERSION = 5.7;
				TARGETED_DEVICE_FAMILY = 1;
			};
			name = Production;
		};
		7D6F00B37C80836F463B9492 /* Develop */ = {
			isa = XCBuildConfiguration;
			buildSettings = {
				ALWAYS_SEARCH_USER_PATHS = NO;
				CLANG_ANALYZER_NONNULL = YES;
				CLANG_ANALYZER_NUMBER_OBJECT_CONVERSION = YES_AGGRESSIVE;
				CLANG_CXX_LANGUAGE_STANDARD = "gnu++14";
				CLANG_CXX_LIBRARY = "libc++";
				CLANG_ENABLE_MODULES = YES;
				CLANG_ENABLE_OBJC_ARC = YES;
				CLANG_ENABLE_OBJC_WEAK = YES;
				CLANG_WARN_BLOCK_CAPTURE_AUTORELEASING = YES;
				CLANG_WARN_BOOL_CONVERSION = YES;
				CLANG_WARN_COMMA = YES;
				CLANG_WARN_CONSTANT_CONVERSION = YES;
				CLANG_WARN_DEPRECATED_OBJC_IMPLEMENTATIONS = YES;
				CLANG_WARN_DIRECT_OBJC_ISA_USAGE = YES_ERROR;
				CLANG_WARN_DOCUMENTATION_COMMENTS = YES;
				CLANG_WARN_EMPTY_BODY = YES;
				CLANG_WARN_ENUM_CONVERSION = YES;
				CLANG_WARN_INFINITE_RECURSION = YES;
				CLANG_WARN_INT_CONVERSION = YES;
				CLANG_WARN_NON_LITERAL_NULL_CONVERSION = YES;
				CLANG_WARN_OBJC_IMPLICIT_RETAIN_SELF = YES;
				CLANG_WARN_OBJC_LITERAL_CONVERSION = YES;
				CLANG_WARN_OBJC_ROOT_CLASS = YES_ERROR;
				CLANG_WARN_QUOTED_INCLUDE_IN_FRAMEWORK_HEADER = YES;
				CLANG_WARN_RANGE_LOOP_ANALYSIS = YES;
				CLANG_WARN_STRICT_PROTOTYPES = YES;
				CLANG_WARN_SUSPICIOUS_MOVE = YES;
				CLANG_WARN_UNGUARDED_AVAILABILITY = YES_AGGRESSIVE;
				CLANG_WARN_UNREACHABLE_CODE = YES;
				CLANG_WARN__DUPLICATE_METHOD_MATCH = YES;
				COPY_PHASE_STRIP = NO;
				DEBUG_INFORMATION_FORMAT = dwarf;
				ENABLE_STRICT_OBJC_MSGSEND = YES;
				ENABLE_TESTABILITY = YES;
				GCC_C_LANGUAGE_STANDARD = gnu11;
				GCC_DYNAMIC_NO_PIC = NO;
				GCC_NO_COMMON_BLOCKS = YES;
				GCC_OPTIMIZATION_LEVEL = 0;
				GCC_PREPROCESSOR_DEFINITIONS = (
					"$(inherited)",
					"DEBUG=1",
				);
				GCC_WARN_64_TO_32_BIT_CONVERSION = YES;
				GCC_WARN_ABOUT_RETURN_TYPE = YES_ERROR;
				GCC_WARN_UNDECLARED_SELECTOR = YES;
				GCC_WARN_UNINITIALIZED_AUTOS = YES_AGGRESSIVE;
				GCC_WARN_UNUSED_FUNCTION = YES;
				GCC_WARN_UNUSED_VARIABLE = YES;
				IPHONEOS_DEPLOYMENT_TARGET = 14.0;
				MTL_ENABLE_DEBUG_INFO = INCLUDE_SOURCE;
				MTL_FAST_MATH = YES;
				ONLY_ACTIVE_ARCH = YES;
				PRODUCT_NAME = "$(TARGET_NAME)";
				SDKROOT = iphoneos;
				SWIFT_ACTIVE_COMPILATION_CONDITIONS = DEBUG;
				SWIFT_COMPILATION_MODE = incremental;
				SWIFT_OPTIMIZATION_LEVEL = "-Onone";
				SWIFT_VERSION = 5.7;
				TARGETED_DEVICE_FAMILY = 1;
			};
			name = Develop;
		};
		BF87EF4DC29F5B084462A2C1 /* Production */ = {
			isa = XCBuildConfiguration;
			baseConfigurationReference = 3E23A6AA83F507E4C97D057F /* Pods-Unsplash.production.xcconfig */;
			buildSettings = {
				ASSETCATALOG_COMPILER_APPICON_NAME = AppIcon;
				CODE_SIGN_IDENTITY = "iPhone Developer";
				CODE_SIGN_STYLE = Automatic;
				INFOPLIST_FILE = "Supporting Files/Info.plist";
				IPHONEOS_DEPLOYMENT_TARGET = 14.0;
				LD_RUNPATH_SEARCH_PATHS = (
					"$(inherited)",
					"@executable_path/Frameworks",
				);
				PRODUCT_BUNDLE_IDENTIFIER = ru.unsplash;
				SDKROOT = iphoneos;
				TARGETED_DEVICE_FAMILY = "1,2";
			};
			name = Production;
		};
/* End XCBuildConfiguration section */

/* Begin XCConfigurationList section */
		8CB2C3653C4F27E405603FD9 /* Build configuration list for PBXProject "Unsplash" */ = {
			isa = XCConfigurationList;
			buildConfigurations = (
				7D6F00B37C80836F463B9492 /* Develop */,
				6F24E9E22C1BC25C9CAE583D /* Production */,
			);
			defaultConfigurationIsVisible = 0;
			defaultConfigurationName = Develop;
		};
		935D50D816E8C3236394BF1E /* Build configuration list for PBXNativeTarget "Unsplash" */ = {
			isa = XCConfigurationList;
			buildConfigurations = (
				2226F90FA40A95EB7AE4B480 /* Develop */,
				BF87EF4DC29F5B084462A2C1 /* Production */,
			);
			defaultConfigurationIsVisible = 0;
			defaultConfigurationName = Develop;
		};
/* End XCConfigurationList section */
	};
	rootObject = 7D47958A2EA1B3C11654F3BF /* Project object */;
}
